{
    "name": "my-thai-star",
    "version": "1.0.0",
    "lockfileVersion": 3,
    "description":" Updated with latest changes.kg",
    "requires": true,
    "packages": {
        "": {
            "name": "my-thai-star",
            "version": "1.0.0",
            "license": "MIT"
        }
    }
}
