
Microsoft Visual Studio Solution File, Format Version 12.00
# Visual Studio 15
VisualStudioVersion = 15.0.26730.12
MinimumVisualStudioVersion = 15.0.26124.0
Project("{2150E333-8FDC-42A3-9474-1A3956D46DE8}") = "Application", "Application", "{F37959E9-67EB-40E0-8959-738F6FB409A3}"
EndProject
Project("{2150E333-8FDC-42A3-9474-1A3956D46DE8}") = "Business", "Business", "{33CE7E27-5B60-4E1D-A9E7-B8A5D197C472}"
EndProject
Project("{2150E333-8FDC-42A3-9474-1A3956D46DE8}") = "Domain", "Domain", "{386FD4C0-57A7-4C41-9806-5B013FFD6D6D}"
EndProject
Project("{2150E333-8FDC-42A3-9474-1A3956D46DE8}") = "Infrastructure", "Infrastructure", "{C1CF5BBA-4EF0-47D4-A4A7-800A0137BC0B}"
EndProject
Project("{9A19103F-16F7-4668-BE54-9A1E7A4F7556}") = "OASP4Net.Application.WebApi", "OASP4Net.Application.WebApi\OASP4Net.Application.WebApi.csproj", "{22BFD241-4749-4403-8770-3094F6FD7DDE}"
EndProject
Project("{9A19103F-16F7-4668-BE54-9A1E7A4F7556}") = "OASP4Net.Application.Resources", "OASP4Net.Application.Resources\OASP4Net.Application.Resources.csproj", "{C89EC579-87B5-48E4-AB8E-A4E6801DEF00}"
EndProject
Project("{9A19103F-16F7-4668-BE54-9A1E7A4F7556}") = "OASP4Net.Business.Common", "OASP4Net.Business.Common\OASP4Net.Business.Common.csproj", "{3893FAB8-7CA5-4D04-842B-1B8E315EB42E}"
EndProject
Project("{9A19103F-16F7-4668-BE54-9A1E7A4F7556}") = "OASP4Net.Domain.Entities", "OASP4Net.Domain.Entities\OASP4Net.Domain.Entities.csproj", "{4CB6CA2F-036B-4AB9-8DE4-7F617E00D7FB}"
EndProject
Project("{9A19103F-16F7-4668-BE54-9A1E7A4F7556}") = "OASP4Net.Infrastructure.JWT", "OASP4Net.Infrastructure.JWT\OASP4Net.Infrastructure.JWT.csproj", "{75E8C4F5-FD7F-4F2E-9F74-6657415A9254}"
EndProject
Project("{9A19103F-16F7-4668-BE54-9A1E7A4F7556}") = "OASP4Net.Infrastructure.AOP", "OASP4Net.Infrastructure.AOP\OASP4Net.Infrastructure.AOP.csproj", "{9E910D1B-39E6-4163-A006-0D329418D939}"
EndProject
Project("{9A19103F-16F7-4668-BE54-9A1E7A4F7556}") = "OASP4Net.Domain.UnitOfWork", "OASP4Net.Domain.UnitOfWork\OASP4Net.Domain.UnitOfWork.csproj", "{37E39F5F-249F-4BF4-A62B-ADE3942F6E85}"
EndProject
Project("{9A19103F-16F7-4668-BE54-9A1E7A4F7556}") = "OASP4Net.Infrastructure.Common", "OASP4Net.Infrastructure.Common\OASP4Net.Infrastructure.Common.csproj", "{8FE65D3F-382F-464B-BC4F-24EB0A369247}"
EndProject
Project("{9A19103F-16F7-4668-BE54-9A1E7A4F7556}") = "OASP4Net.Infrastructure.Communication", "OASP4Net.Infrastructure.Communication\OASP4Net.Infrastructure.Communication.csproj", "{DA8C8817-5867-44DC-AA03-B7ED4902AD11}"
EndProject
Project("{2150E333-8FDC-42A3-9474-1A3956D46DE8}") = "Test", "Test", "{A59BF825-D34B-429D-AA86-2F689B6C3141}"
EndProject
Project("{FAE04EC0-301F-11D3-BF4B-00C04F79EFBC}") = "OASP4Net.XUnitTest", "OASP4Net.XUnitTest\OASP4Net.XUnitTest.csproj", "{123B3D7F-885F-48B1-9233-52C8BEB43EA7}"
EndProject
Global
	GlobalSection(SolutionConfigurationPlatforms) = preSolution
		Debug|Any CPU = Debug|Any CPU
		Debug|x64 = Debug|x64
		Debug|x86 = Debug|x86
		Release|Any CPU = Release|Any CPU
		Release|x64 = Release|x64
		Release|x86 = Release|x86
	EndGlobalSection
	GlobalSection(ProjectConfigurationPlatforms) = postSolution
		{22BFD241-4749-4403-8770-3094F6FD7DDE}.Debug|Any CPU.ActiveCfg = Debug|Any CPU
		{22BFD241-4749-4403-8770-3094F6FD7DDE}.Debug|Any CPU.Build.0 = Debug|Any CPU
		{22BFD241-4749-4403-8770-3094F6FD7DDE}.Debug|x64.ActiveCfg = Debug|Any CPU
		{22BFD241-4749-4403-8770-3094F6FD7DDE}.Debug|x64.Build.0 = Debug|Any CPU
		{22BFD241-4749-4403-8770-3094F6FD7DDE}.Debug|x86.ActiveCfg = Debug|Any CPU
		{22BFD241-4749-4403-8770-3094F6FD7DDE}.Debug|x86.Build.0 = Debug|Any CPU
		{22BFD241-4749-4403-8770-3094F6FD7DDE}.Release|Any CPU.ActiveCfg = Release|Any CPU
		{22BFD241-4749-4403-8770-3094F6FD7DDE}.Release|Any CPU.Build.0 = Release|Any CPU
		{22BFD241-4749-4403-8770-3094F6FD7DDE}.Release|x64.ActiveCfg = Release|Any CPU
		{22BFD241-4749-4403-8770-3094F6FD7DDE}.Release|x64.Build.0 = Release|Any CPU
		{22BFD241-4749-4403-8770-3094F6FD7DDE}.Release|x86.ActiveCfg = Release|Any CPU
		{22BFD241-4749-4403-8770-3094F6FD7DDE}.Release|x86.Build.0 = Release|Any CPU
		{C89EC579-87B5-48E4-AB8E-A4E6801DEF00}.Debug|Any CPU.ActiveCfg = Debug|Any CPU
		{C89EC579-87B5-48E4-AB8E-A4E6801DEF00}.Debug|Any CPU.Build.0 = Debug|Any CPU
		{C89EC579-87B5-48E4-AB8E-A4E6801DEF00}.Debug|x64.ActiveCfg = Debug|Any CPU
		{C89EC579-87B5-48E4-AB8E-A4E6801DEF00}.Debug|x64.Build.0 = Debug|Any CPU
		{C89EC579-87B5-48E4-AB8E-A4E6801DEF00}.Debug|x86.ActiveCfg = Debug|Any CPU
		{C89EC579-87B5-48E4-AB8E-A4E6801DEF00}.Debug|x86.Build.0 = Debug|Any CPU
		{C89EC579-87B5-48E4-AB8E-A4E6801DEF00}.Release|Any CPU.ActiveCfg = Release|Any CPU
		{C89EC579-87B5-48E4-AB8E-A4E6801DEF00}.Release|Any CPU.Build.0 = Release|Any CPU
		{C89EC579-87B5-48E4-AB8E-A4E6801DEF00}.Release|x64.ActiveCfg = Release|Any CPU
		{C89EC579-87B5-48E4-AB8E-A4E6801DEF00}.Release|x64.Build.0 = Release|Any CPU
		{C89EC579-87B5-48E4-AB8E-A4E6801DEF00}.Release|x86.ActiveCfg = Release|Any CPU
		{C89EC579-87B5-48E4-AB8E-A4E6801DEF00}.Release|x86.Build.0 = Release|Any CPU
		{3893FAB8-7CA5-4D04-842B-1B8E315EB42E}.Debug|Any CPU.ActiveCfg = Debug|Any CPU
		{3893FAB8-7CA5-4D04-842B-1B8E315EB42E}.Debug|Any CPU.Build.0 = Debug|Any CPU
		{3893FAB8-7CA5-4D04-842B-1B8E315EB42E}.Debug|x64.ActiveCfg = Debug|Any CPU
		{3893FAB8-7CA5-4D04-842B-1B8E315EB42E}.Debug|x64.Build.0 = Debug|Any CPU
		{3893FAB8-7CA5-4D04-842B-1B8E315EB42E}.Debug|x86.ActiveCfg = Debug|Any CPU
		{3893FAB8-7CA5-4D04-842B-1B8E315EB42E}.Debug|x86.Build.0 = Debug|Any CPU
		{3893FAB8-7CA5-4D04-842B-1B8E315EB42E}.Release|Any CPU.ActiveCfg = Release|Any CPU
		{3893FAB8-7CA5-4D04-842B-1B8E315EB42E}.Release|Any CPU.Build.0 = Release|Any CPU
		{3893FAB8-7CA5-4D04-842B-1B8E315EB42E}.Release|x64.ActiveCfg = Release|Any CPU
		{3893FAB8-7CA5-4D04-842B-1B8E315EB42E}.Release|x64.Build.0 = Release|Any CPU
		{3893FAB8-7CA5-4D04-842B-1B8E315EB42E}.Release|x86.ActiveCfg = Release|Any CPU
		{3893FAB8-7CA5-4D04-842B-1B8E315EB42E}.Release|x86.Build.0 = Release|Any CPU
		{4CB6CA2F-036B-4AB9-8DE4-7F617E00D7FB}.Debug|Any CPU.ActiveCfg = Debug|Any CPU
		{4CB6CA2F-036B-4AB9-8DE4-7F617E00D7FB}.Debug|Any CPU.Build.0 = Debug|Any CPU
		{4CB6CA2F-036B-4AB9-8DE4-7F617E00D7FB}.Debug|x64.ActiveCfg = Debug|Any CPU
		{4CB6CA2F-036B-4AB9-8DE4-7F617E00D7FB}.Debug|x64.Build.0 = Debug|Any CPU
		{4CB6CA2F-036B-4AB9-8DE4-7F617E00D7FB}.Debug|x86.ActiveCfg = Debug|Any CPU
		{4CB6CA2F-036B-4AB9-8DE4-7F617E00D7FB}.Debug|x86.Build.0 = Debug|Any CPU
		{4CB6CA2F-036B-4AB9-8DE4-7F617E00D7FB}.Release|Any CPU.ActiveCfg = Release|Any CPU
		{4CB6CA2F-036B-4AB9-8DE4-7F617E00D7FB}.Release|Any CPU.Build.0 = Release|Any CPU
		{4CB6CA2F-036B-4AB9-8DE4-7F617E00D7FB}.Release|x64.ActiveCfg = Release|Any CPU
		{4CB6CA2F-036B-4AB9-8DE4-7F617E00D7FB}.Release|x64.Build.0 = Release|Any CPU
		{4CB6CA2F-036B-4AB9-8DE4-7F617E00D7FB}.Release|x86.ActiveCfg = Release|Any CPU
		{4CB6CA2F-036B-4AB9-8DE4-7F617E00D7FB}.Release|x86.Build.0 = Release|Any CPU
		{75E8C4F5-FD7F-4F2E-9F74-6657415A9254}.Debug|Any CPU.ActiveCfg = Debug|Any CPU
		{75E8C4F5-FD7F-4F2E-9F74-6657415A9254}.Debug|Any CPU.Build.0 = Debug|Any CPU
		{75E8C4F5-FD7F-4F2E-9F74-6657415A9254}.Debug|x64.ActiveCfg = Debug|Any CPU
		{75E8C4F5-FD7F-4F2E-9F74-6657415A9254}.Debug|x64.Build.0 = Debug|Any CPU
		{75E8C4F5-FD7F-4F2E-9F74-6657415A9254}.Debug|x86.ActiveCfg = Debug|Any CPU
		{75E8C4F5-FD7F-4F2E-9F74-6657415A9254}.Debug|x86.Build.0 = Debug|Any CPU
		{75E8C4F5-FD7F-4F2E-9F74-6657415A9254}.Release|Any CPU.ActiveCfg = Release|Any CPU
		{75E8C4F5-FD7F-4F2E-9F74-6657415A9254}.Release|Any CPU.Build.0 = Release|Any CPU
		{75E8C4F5-FD7F-4F2E-9F74-6657415A9254}.Release|x64.ActiveCfg = Release|Any CPU
		{75E8C4F5-FD7F-4F2E-9F74-6657415A9254}.Release|x64.Build.0 = Release|Any CPU
		{75E8C4F5-FD7F-4F2E-9F74-6657415A9254}.Release|x86.ActiveCfg = Release|Any CPU
		{75E8C4F5-FD7F-4F2E-9F74-6657415A9254}.Release|x86.Build.0 = Release|Any CPU
		{9E910D1B-39E6-4163-A006-0D329418D939}.Debug|Any CPU.ActiveCfg = Debug|Any CPU
		{9E910D1B-39E6-4163-A006-0D329418D939}.Debug|Any CPU.Build.0 = Debug|Any CPU
		{9E910D1B-39E6-4163-A006-0D329418D939}.Debug|x64.ActiveCfg = Debug|Any CPU
		{9E910D1B-39E6-4163-A006-0D329418D939}.Debug|x64.Build.0 = Debug|Any CPU
		{9E910D1B-39E6-4163-A006-0D329418D939}.Debug|x86.ActiveCfg = Debug|Any CPU
		{9E910D1B-39E6-4163-A006-0D329418D939}.Debug|x86.Build.0 = Debug|Any CPU
		{9E910D1B-39E6-4163-A006-0D329418D939}.Release|Any CPU.ActiveCfg = Release|Any CPU
		{9E910D1B-39E6-4163-A006-0D329418D939}.Release|Any CPU.Build.0 = Release|Any CPU
		{9E910D1B-39E6-4163-A006-0D329418D939}.Release|x64.ActiveCfg = Release|Any CPU
		{9E910D1B-39E6-4163-A006-0D329418D939}.Release|x64.Build.0 = Release|Any CPU
		{9E910D1B-39E6-4163-A006-0D329418D939}.Release|x86.ActiveCfg = Release|Any CPU
		{9E910D1B-39E6-4163-A006-0D329418D939}.Release|x86.Build.0 = Release|Any CPU
		{37E39F5F-249F-4BF4-A62B-ADE3942F6E85}.Debug|Any CPU.ActiveCfg = Debug|Any CPU
		{37E39F5F-249F-4BF4-A62B-ADE3942F6E85}.Debug|Any CPU.Build.0 = Debug|Any CPU
		{37E39F5F-249F-4BF4-A62B-ADE3942F6E85}.Debug|x64.ActiveCfg = Debug|Any CPU
		{37E39F5F-249F-4BF4-A62B-ADE3942F6E85}.Debug|x64.Build.0 = Debug|Any CPU
		{37E39F5F-249F-4BF4-A62B-ADE3942F6E85}.Debug|x86.ActiveCfg = Debug|Any CPU
		{37E39F5F-249F-4BF4-A62B-ADE3942F6E85}.Debug|x86.Build.0 = Debug|Any CPU
		{37E39F5F-249F-4BF4-A62B-ADE3942F6E85}.Release|Any CPU.ActiveCfg = Release|Any CPU
		{37E39F5F-249F-4BF4-A62B-ADE3942F6E85}.Release|Any CPU.Build.0 = Release|Any CPU
		{37E39F5F-249F-4BF4-A62B-ADE3942F6E85}.Release|x64.ActiveCfg = Release|Any CPU
		{37E39F5F-249F-4BF4-A62B-ADE3942F6E85}.Release|x64.Build.0 = Release|Any CPU
		{37E39F5F-249F-4BF4-A62B-ADE3942F6E85}.Release|x86.ActiveCfg = Release|Any CPU
		{37E39F5F-249F-4BF4-A62B-ADE3942F6E85}.Release|x86.Build.0 = Release|Any CPU
		{8FE65D3F-382F-464B-BC4F-24EB0A369247}.Debug|Any CPU.ActiveCfg = Debug|Any CPU
		{8FE65D3F-382F-464B-BC4F-24EB0A369247}.Debug|Any CPU.Build.0 = Debug|Any CPU
		{8FE65D3F-382F-464B-BC4F-24EB0A369247}.Debug|x64.ActiveCfg = Debug|Any CPU
		{8FE65D3F-382F-464B-BC4F-24EB0A369247}.Debug|x64.Build.0 = Debug|Any CPU
		{8FE65D3F-382F-464B-BC4F-24EB0A369247}.Debug|x86.ActiveCfg = Debug|Any CPU
		{8FE65D3F-382F-464B-BC4F-24EB0A369247}.Debug|x86.Build.0 = Debug|Any CPU
		{8FE65D3F-382F-464B-BC4F-24EB0A369247}.Release|Any CPU.ActiveCfg = Release|Any CPU
		{8FE65D3F-382F-464B-BC4F-24EB0A369247}.Release|Any CPU.Build.0 = Release|Any CPU
		{8FE65D3F-382F-464B-BC4F-24EB0A369247}.Release|x64.ActiveCfg = Release|Any CPU
		{8FE65D3F-382F-464B-BC4F-24EB0A369247}.Release|x64.Build.0 = Release|Any CPU
		{8FE65D3F-382F-464B-BC4F-24EB0A369247}.Release|x86.ActiveCfg = Release|Any CPU
		{8FE65D3F-382F-464B-BC4F-24EB0A369247}.Release|x86.Build.0 = Release|Any CPU
		{DA8C8817-5867-44DC-AA03-B7ED4902AD11}.Debug|Any CPU.ActiveCfg = Debug|Any CPU
		{DA8C8817-5867-44DC-AA03-B7ED4902AD11}.Debug|Any CPU.Build.0 = Debug|Any CPU
		{DA8C8817-5867-44DC-AA03-B7ED4902AD11}.Debug|x64.ActiveCfg = Debug|Any CPU
		{DA8C8817-5867-44DC-AA03-B7ED4902AD11}.Debug|x64.Build.0 = Debug|Any CPU
		{DA8C8817-5867-44DC-AA03-B7ED4902AD11}.Debug|x86.ActiveCfg = Debug|Any CPU
		{DA8C8817-5867-44DC-AA03-B7ED4902AD11}.Debug|x86.Build.0 = Debug|Any CPU
		{DA8C8817-5867-44DC-AA03-B7ED4902AD11}.Release|Any CPU.ActiveCfg = Release|Any CPU
		{DA8C8817-5867-44DC-AA03-B7ED4902AD11}.Release|Any CPU.Build.0 = Release|Any CPU
		{DA8C8817-5867-44DC-AA03-B7ED4902AD11}.Release|x64.ActiveCfg = Release|Any CPU
		{DA8C8817-5867-44DC-AA03-B7ED4902AD11}.Release|x64.Build.0 = Release|Any CPU
		{DA8C8817-5867-44DC-AA03-B7ED4902AD11}.Release|x86.ActiveCfg = Release|Any CPU
		{DA8C8817-5867-44DC-AA03-B7ED4902AD11}.Release|x86.Build.0 = Release|Any CPU
		{123B3D7F-885F-48B1-9233-52C8BEB43EA7}.Debug|Any CPU.ActiveCfg = Debug|Any CPU
		{123B3D7F-885F-48B1-9233-52C8BEB43EA7}.Debug|Any CPU.Build.0 = Debug|Any CPU
		{123B3D7F-885F-48B1-9233-52C8BEB43EA7}.Debug|x64.ActiveCfg = Debug|Any CPU
		{123B3D7F-885F-48B1-9233-52C8BEB43EA7}.Debug|x64.Build.0 = Debug|Any CPU
		{123B3D7F-885F-48B1-9233-52C8BEB43EA7}.Debug|x86.ActiveCfg = Debug|Any CPU
		{123B3D7F-885F-48B1-9233-52C8BEB43EA7}.Debug|x86.Build.0 = Debug|Any CPU
		{123B3D7F-885F-48B1-9233-52C8BEB43EA7}.Release|Any CPU.ActiveCfg = Release|Any CPU
		{123B3D7F-885F-48B1-9233-52C8BEB43EA7}.Release|Any CPU.Build.0 = Release|Any CPU
		{123B3D7F-885F-48B1-9233-52C8BEB43EA7}.Release|x64.ActiveCfg = Release|Any CPU
		{123B3D7F-885F-48B1-9233-52C8BEB43EA7}.Release|x64.Build.0 = Release|Any CPU
		{123B3D7F-885F-48B1-9233-52C8BEB43EA7}.Release|x86.ActiveCfg = Release|Any CPU
		{123B3D7F-885F-48B1-9233-52C8BEB43EA7}.Release|x86.Build.0 = Release|Any CPU
	EndGlobalSection
	GlobalSection(SolutionProperties) = preSolution
		HideSolutionNode = FALSE
	EndGlobalSection
	GlobalSection(NestedProjects) = preSolution
		{22BFD241-4749-4403-8770-3094F6FD7DDE} = {F37959E9-67EB-40E0-8959-738F6FB409A3}
		{C89EC579-87B5-48E4-AB8E-A4E6801DEF00} = {F37959E9-67EB-40E0-8959-738F6FB409A3}
		{3893FAB8-7CA5-4D04-842B-1B8E315EB42E} = {33CE7E27-5B60-4E1D-A9E7-B8A5D197C472}
		{4CB6CA2F-036B-4AB9-8DE4-7F617E00D7FB} = {386FD4C0-57A7-4C41-9806-5B013FFD6D6D}
		{75E8C4F5-FD7F-4F2E-9F74-6657415A9254} = {C1CF5BBA-4EF0-47D4-A4A7-800A0137BC0B}
		{9E910D1B-39E6-4163-A006-0D329418D939} = {C1CF5BBA-4EF0-47D4-A4A7-800A0137BC0B}
		{37E39F5F-249F-4BF4-A62B-ADE3942F6E85} = {386FD4C0-57A7-4C41-9806-5B013FFD6D6D}
		{8FE65D3F-382F-464B-BC4F-24EB0A369247} = {C1CF5BBA-4EF0-47D4-A4A7-800A0137BC0B}
		{DA8C8817-5867-44DC-AA03-B7ED4902AD11} = {C1CF5BBA-4EF0-47D4-A4A7-800A0137BC0B}
		{123B3D7F-885F-48B1-9233-52C8BEB43EA7} = {A59BF825-D34B-429D-AA86-2F689B6C3141}
	EndGlobalSection
	GlobalSection(ExtensibilityGlobals) = postSolution
		SolutionGuid = {AE0A8777-D4E5-4F41-8515-28FDBFD90E74}
	EndGlobalSection
EndGlobal
